
Microsoft Visual Studio Solution File, Format Version 12.00
# Visual Studio Version 16
VisualStudioVersion = 16.0.30011.22
MinimumVisualStudioVersion = 10.0.40219.1
Project("{FAE04EC0-301F-11D3-BF4B-00C04F79EFBC}") = "cscomment", "cscomment\cscomment.csproj", "{C2E0F681-7DC2-4B22-B082-AE8CC7665D4B}"
EndProject
Global
	GlobalSection(SolutionConfigurationPlatforms) = preSolution
		Debug|Any CPU = Debug|Any CPU
		Release|Any CPU = Release|Any CPU
	EndGlobalSection
	GlobalSection(ProjectConfigurationPlatforms) = postSolution
		{C2E0F681-7DC2-4B22-B082-AE8CC7665D4B}.Debug|Any CPU.ActiveCfg = Debug|Any CPU
		{C2E0F681-7DC2-4B22-B082-AE8CC7665D4B}.Debug|Any CPU.Build.0 = Debug|Any CPU
		{C2E0F681-7DC2-4B22-B082-AE8CC7665D4B}.Release|Any CPU.ActiveCfg = Release|Any CPU
		{C2E0F681-7DC2-4B22-B082-AE8CC7665D4B}.Release|Any CPU.Build.0 = Release|Any CPU
	EndGlobalSection
	GlobalSection(SolutionProperties) = preSolution
		HideSolutionNode = FALSE
	EndGlobalSection
	GlobalSection(ExtensibilityGlobals) = postSolution
		SolutionGuid = {4D2A6105-A524-45FE-8542-699F50268856}
	EndGlobalSection
EndGlobal
